
Microsoft Visual Studio Solution File, Format Version 12.00
# Visual Studio Version 17
VisualStudioVersion = 17.0.32112.339
MinimumVisualStudioVersion = 10.0.40219.1
Project("{FAE04EC0-301F-11D3-BF4B-00C04F79EFBC}") = "Lab3", "Lab3.csproj", "{BD303810-B020-4A21-ADF6-0FD7E071DDD2}"
EndProject
Global
	GlobalSection(SolutionConfigurationPlatforms) = preSolution
		Debug|Any CPU = Debug|Any CPU
		Release|Any CPU = Release|Any CPU
	EndGlobalSection
	GlobalSection(ProjectConfigurationPlatforms) = postSolution
		{BD303810-B020-4A21-ADF6-0FD7E071DDD2}.Debug|Any CPU.ActiveCfg = Debug|Any CPU
		{BD303810-B020-4A21-ADF6-0FD7E071DDD2}.Debug|Any CPU.Build.0 = Debug|Any CPU
		{BD303810-B020-4A21-ADF6-0FD7E071DDD2}.Release|Any CPU.ActiveCfg = Release|Any CPU
		{BD303810-B020-4A21-ADF6-0FD7E071DDD2}.Release|Any CPU.Build.0 = Release|Any CPU
	EndGlobalSection
	GlobalSection(SolutionProperties) = preSolution
		HideSolutionNode = FALSE
	EndGlobalSection
	GlobalSection(ExtensibilityGlobals) = postSolution
		SolutionGuid = {ED62CBD0-B374-40B3-9FEA-564AE4C5D742}
	EndGlobalSection
EndGlobal
